
Microsoft Visual Studio Solution File, Format Version 12.00
# Visual Studio Version 16
VisualStudioVersion = 16.0.30320.27
MinimumVisualStudioVersion = 10.0.40219.1
Project("{FAE04EC0-301F-11D3-BF4B-00C04F79EFBC}") = "wfa_mail_ayristirma", "wfa_mail_ayristirma\wfa_mail_ayristirma.csproj", "{AEC4086B-2DCB-4222-AA9D-E4B0D0F0E477}"
EndProject
Global
	GlobalSection(SolutionConfigurationPlatforms) = preSolution
		Debug|Any CPU = Debug|Any CPU
		Release|Any CPU = Release|Any CPU
	EndGlobalSection
	GlobalSection(ProjectConfigurationPlatforms) = postSolution
		{AEC4086B-2DCB-4222-AA9D-E4B0D0F0E477}.Debug|Any CPU.ActiveCfg = Debug|Any CPU
		{AEC4086B-2DCB-4222-AA9D-E4B0D0F0E477}.Debug|Any CPU.Build.0 = Debug|Any CPU
		{AEC4086B-2DCB-4222-AA9D-E4B0D0F0E477}.Release|Any CPU.ActiveCfg = Release|Any CPU
		{AEC4086B-2DCB-4222-AA9D-E4B0D0F0E477}.Release|Any CPU.Build.0 = Release|Any CPU
	EndGlobalSection
	GlobalSection(SolutionProperties) = preSolution
		HideSolutionNode = FALSE
	EndGlobalSection
	GlobalSection(ExtensibilityGlobals) = postSolution
		SolutionGuid = {7BE3E2CB-52BF-4578-AEEF-EFEC877D402C}
	EndGlobalSection
EndGlobal
